// !$*UTF8*$!
{
	archiveVersion = 1;
	classes = {
	};
	objectVersion = 46;
	objects = {

/* Begin PBXBuildFile section */
		AE359EBB1D25F72200D2BA20 /* CellHome.m in Sources */ = {isa = PBXBuildFile; fileRef = AE359EB91D25F72200D2BA20 /* CellHome.m */; };
		AE359EBC1D25F72200D2BA20 /* CellHome.xib in Resources */ = {isa = PBXBuildFile; fileRef = AE359EBA1D25F72200D2BA20 /* CellHome.xib */; };
		AE359ECC1D261B8300D2BA20 /* aguascalientes.jpg in Resources */ = {isa = PBXBuildFile; fileRef = AE359EBE1D261B8300D2BA20 /* aguascalientes.jpg */; };
		AE359ECE1D261B8300D2BA20 /* calvillo.jpg in Resources */ = {isa = PBXBuildFile; fileRef = AE359EC01D261B8300D2BA20 /* calvillo.jpg */; };
		AE359ECF1D261B8300D2BA20 /* cosio.jpg in Resources */ = {isa = PBXBuildFile; fileRef = AE359EC11D261B8300D2BA20 /* cosio.jpg */; };
		AE359ED11D261B8300D2BA20 /* dolores_hidalgo.jpg in Resources */ = {isa = PBXBuildFile; fileRef = AE359EC31D261B8300D2BA20 /* dolores_hidalgo.jpg */; };
		AE359ED21D261B8300D2BA20 /* guanajuato.jpg in Resources */ = {isa = PBXBuildFile; fileRef = AE359EC41D261B8300D2BA20 /* guanajuato.jpg */; };
		AE359ED31D261B8300D2BA20 /* jalisco.jpg in Resources */ = {isa = PBXBuildFile; fileRef = AE359EC51D261B8300D2BA20 /* jalisco.jpg */; };
		AE359ED41D261B8300D2BA20 /* jesus_maria.jpg in Resources */ = {isa = PBXBuildFile; fileRef = AE359EC61D261B8300D2BA20 /* jesus_maria.jpg */; };
		AE359ED51D261B8300D2BA20 /* leon.jpg in Resources */ = {isa = PBXBuildFile; fileRef = AE359EC71D261B8300D2BA20 /* leon.jpg */; };
		AE359ED61D261B8300D2BA20 /* pejamo.jpg in Resources */ = {isa = PBXBuildFile; fileRef = AE359EC81D261B8300D2BA20 /* pejamo.jpg */; };
		AE359ED71D261B8300D2BA20 /* quintanaroo.jpg in Resources */ = {isa = PBXBuildFile; fileRef = AE359EC91D261B8300D2BA20 /* quintanaroo.jpg */; };
		AE359ED81D261B8300D2BA20 /* san_francisco_de_los_romo.jpg in Resources */ = {isa = PBXBuildFile; fileRef = AE359ECA1D261B8300D2BA20 /* san_francisco_de_los_romo.jpg */; };
		AE359ED91D261B8300D2BA20 /* silao.jpg in Resources */ = {isa = PBXBuildFile; fileRef = AE359ECB1D261B8300D2BA20 /* silao.jpg */; };
		AE359EDC1D26214000D2BA20 /* Municipios.m in Sources */ = {isa = PBXBuildFile; fileRef = AE359EDB1D26214000D2BA20 /* Municipios.m */; };
		AE359EE01D2623CA00D2BA20 /* MunicipiosCell.m in Sources */ = {isa = PBXBuildFile; fileRef = AE359EDE1D2623CA00D2BA20 /* MunicipiosCell.m */; };
		AE359EE11D2623CA00D2BA20 /* MunicipiosCell.xib in Resources */ = {isa = PBXBuildFile; fileRef = AE359EDF1D2623CA00D2BA20 /* MunicipiosCell.xib */; };
		AE359EE41D263A1800D2BA20 /* MunicipiosDetails.m in Sources */ = {isa = PBXBuildFile; fileRef = AE359EE31D263A1800D2BA20 /* MunicipiosDetails.m */; };
		AE359EE61D264F7700D2BA20 /* queretaro.jpg in Resources */ = {isa = PBXBuildFile; fileRef = AE359EE51D264F7700D2BA20 /* queretaro.jpg */; };
		AE359EE81D2650A000D2BA20 /* pabellon_de_arteaga.jpg in Resources */ = {isa = PBXBuildFile; fileRef = AE359EE71D2650A000D2BA20 /* pabellon_de_arteaga.jpg */; };
		AE359EEA1D26544900D2BA20 /* salamanca.jpg in Resources */ = {isa = PBXBuildFile; fileRef = AE359EE91D26544900D2BA20 /* salamanca.jpg */; };
		AE359EF01D26578700D2BA20 /* chapala.jpg in Resources */ = {isa = PBXBuildFile; fileRef = AE359EEB1D26578700D2BA20 /* chapala.jpg */; };
		AE359EF11D26578700D2BA20 /* san_juan_de_los_lagos.jpg in Resources */ = {isa = PBXBuildFile; fileRef = AE359EEC1D26578700D2BA20 /* san_juan_de_los_lagos.jpg */; };
		AE359EF21D26578700D2BA20 /* tequila.jpg in Resources */ = {isa = PBXBuildFile; fileRef = AE359EED1D26578700D2BA20 /* tequila.jpg */; };
		AE359EF31D26578700D2BA20 /* tonala.jpg in Resources */ = {isa = PBXBuildFile; fileRef = AE359EEE1D26578700D2BA20 /* tonala.jpg */; };
		AE359EF41D26578700D2BA20 /* villa_hidalgo.jpg in Resources */ = {isa = PBXBuildFile; fileRef = AE359EEF1D26578700D2BA20 /* villa_hidalgo.jpg */; };
		AE359EFA1D26E93A00D2BA20 /* colon.jpg in Resources */ = {isa = PBXBuildFile; fileRef = AE359EF51D26E93A00D2BA20 /* colon.jpg */; };
		AE359EFB1D26E93A00D2BA20 /* corregidora.jpg in Resources */ = {isa = PBXBuildFile; fileRef = AE359EF61D26E93A00D2BA20 /* corregidora.jpg */; };
		AE359EFC1D26E93A00D2BA20 /* el_marques.jpg in Resources */ = {isa = PBXBuildFile; fileRef = AE359EF71D26E93A00D2BA20 /* el_marques.jpg */; };
		AE359EFD1D26E93A00D2BA20 /* queretaro_1.jpg in Resources */ = {isa = PBXBuildFile; fileRef = AE359EF81D26E93A00D2BA20 /* queretaro_1.jpg */; };
		AE359EFE1D26E93A00D2BA20 /* san_juan_del_rio.jpg in Resources */ = {isa = PBXBuildFile; fileRef = AE359EF91D26E93A00D2BA20 /* san_juan_del_rio.jpg */; };
		AE359F041D26EBC300D2BA20 /* benito_juarez.jpg in Resources */ = {isa = PBXBuildFile; fileRef = AE359EFF1D26EBC300D2BA20 /* benito_juarez.jpg */; };
		AE359F051D26EBC300D2BA20 /* cozumel.jpg in Resources */ = {isa = PBXBuildFile; fileRef = AE359F001D26EBC300D2BA20 /* cozumel.jpg */; };
		AE359F061D26EBC300D2BA20 /* isla_mujeres.jpg in Resources */ = {isa = PBXBuildFile; fileRef = AE359F011D26EBC300D2BA20 /* isla_mujeres.jpg */; };
		AE359F071D26EBC300D2BA20 /* jose_maria_morelos.jpg in Resources */ = {isa = PBXBuildFile; fileRef = AE359F021D26EBC300D2BA20 /* jose_maria_morelos.jpg */; };
		AE359F081D26EBC300D2BA20 /* lazaro_cardenas.jpg in Resources */ = {isa = PBXBuildFile; fileRef = AE359F031D26EBC300D2BA20 /* lazaro_cardenas.jpg */; };
		AE376DE41D258A4A00B4F957 /* main.m in Sources */ = {isa = PBXBuildFile; fileRef = AE376DE31D258A4A00B4F957 /* main.m */; };
		AE376DE71D258A4B00B4F957 /* AppDelegate.m in Sources */ = {isa = PBXBuildFile; fileRef = AE376DE61D258A4B00B4F957 /* AppDelegate.m */; };
		AE376DEA1D258A4B00B4F957 /* Home.m in Sources */ = {isa = PBXBuildFile; fileRef = AE376DE91D258A4B00B4F957 /* Home.m */; };
		AE376DED1D258A4B00B4F957 /* Main.storyboard in Resources */ = {isa = PBXBuildFile; fileRef = AE376DEB1D258A4B00B4F957 /* Main.storyboard */; };
		AE376DF01D258A4B00B4F957 /* Lab05___Sketch.xcdatamodeld in Sources */ = {isa = PBXBuildFile; fileRef = AE376DEE1D258A4B00B4F957 /* Lab05___Sketch.xcdatamodeld */; };
		AE376DF21D258A4B00B4F957 /* Assets.xcassets in Resources */ = {isa = PBXBuildFile; fileRef = AE376DF11D258A4B00B4F957 /* Assets.xcassets */; };
		AE376DF51D258A4B00B4F957 /* LaunchScreen.storyboard in Resources */ = {isa = PBXBuildFile; fileRef = AE376DF31D258A4B00B4F957 /* LaunchScreen.storyboard */; };
/* End PBXBuildFile section */

/* Begin PBXFileReference section */
		AE359EB81D25F72200D2BA20 /* CellHome.h */ = {isa = PBXFileReference; fileEncoding = 4; lastKnownFileType = sourcecode.c.h; path = CellHome.h; sourceTree = "<group>"; };
		AE359EB91D25F72200D2BA20 /* CellHome.m */ = {isa = PBXFileReference; fileEncoding = 4; lastKnownFileType = sourcecode.c.objc; path = CellHome.m; sourceTree = "<group>"; };
		AE359EBA1D25F72200D2BA20 /* CellHome.xib */ = {isa = PBXFileReference; fileEncoding = 4; lastKnownFileType = file.xib; path = CellHome.xib; sourceTree = "<group>"; };
		AE359EBE1D261B8300D2BA20 /* aguascalientes.jpg */ = {isa = PBXFileReference; lastKnownFileType = image.jpeg; path = aguascalientes.jpg; sourceTree = "<group>"; };
		AE359EC01D261B8300D2BA20 /* calvillo.jpg */ = {isa = PBXFileReference; lastKnownFileType = image.jpeg; path = calvillo.jpg; sourceTree = "<group>"; };
		AE359EC11D261B8300D2BA20 /* cosio.jpg */ = {isa = PBXFileReference; lastKnownFileType = image.jpeg; path = cosio.jpg; sourceTree = "<group>"; };
		AE359EC31D261B8300D2BA20 /* dolores_hidalgo.jpg */ = {isa = PBXFileReference; lastKnownFileType = image.jpeg; path = dolores_hidalgo.jpg; sourceTree = "<group>"; };
		AE359EC41D261B8300D2BA20 /* guanajuato.jpg */ = {isa = PBXFileReference; lastKnownFileType = image.jpeg; path = guanajuato.jpg; sourceTree = "<group>"; };
		AE359EC51D261B8300D2BA20 /* jalisco.jpg */ = {isa = PBXFileReference; lastKnownFileType = image.jpeg; path = jalisco.jpg; sourceTree = "<group>"; };
		AE359EC61D261B8300D2BA20 /* jesus_maria.jpg */ = {isa = PBXFileReference; lastKnownFileType = image.jpeg; path = jesus_maria.jpg; sourceTree = "<group>"; };
		AE359EC71D261B8300D2BA20 /* leon.jpg */ = {isa = PBXFileReference; lastKnownFileType = image.jpeg; path = leon.jpg; sourceTree = "<group>"; };
		AE359EC81D261B8300D2BA20 /* pejamo.jpg */ = {isa = PBXFileReference; lastKnownFileType = image.jpeg; path = pejamo.jpg; sourceTree = "<group>"; };
		AE359EC91D261B8300D2BA20 /* quintanaroo.jpg */ = {isa = PBXFileReference; lastKnownFileType = image.jpeg; path = quintanaroo.jpg; sourceTree = "<group>"; };
		AE359ECA1D261B8300D2BA20 /* san_francisco_de_los_romo.jpg */ = {isa = PBXFileReference; lastKnownFileType = image.jpeg; path = san_francisco_de_los_romo.jpg; sourceTree = "<group>"; };
		AE359ECB1D261B8300D2BA20 /* silao.jpg */ = {isa = PBXFileReference; lastKnownFileType = image.jpeg; path = silao.jpg; sourceTree = "<group>"; };
		AE359EDA1D26214000D2BA20 /* Municipios.h */ = {isa = PBXFileReference; fileEncoding = 4; lastKnownFileType = sourcecode.c.h; path = Municipios.h; sourceTree = "<group>"; };
		AE359EDB1D26214000D2BA20 /* Municipios.m */ = {isa = PBXFileReference; fileEncoding = 4; lastKnownFileType = sourcecode.c.objc; path = Municipios.m; sourceTree = "<group>"; };
		AE359EDD1D2623CA00D2BA20 /* MunicipiosCell.h */ = {isa = PBXFileReference; fileEncoding = 4; lastKnownFileType = sourcecode.c.h; path = MunicipiosCell.h; sourceTree = "<group>"; };
		AE359EDE1D2623CA00D2BA20 /* MunicipiosCell.m */ = {isa = PBXFileReference; fileEncoding = 4; lastKnownFileType = sourcecode.c.objc; path = MunicipiosCell.m; sourceTree = "<group>"; };
		AE359EDF1D2623CA00D2BA20 /* MunicipiosCell.xib */ = {isa = PBXFileReference; fileEncoding = 4; lastKnownFileType = file.xib; path = MunicipiosCell.xib; sourceTree = "<group>"; };
		AE359EE21D263A1800D2BA20 /* MunicipiosDetails.h */ = {isa = PBXFileReference; fileEncoding = 4; lastKnownFileType = sourcecode.c.h; path = MunicipiosDetails.h; sourceTree = "<group>"; };
		AE359EE31D263A1800D2BA20 /* MunicipiosDetails.m */ = {isa = PBXFileReference; fileEncoding = 4; lastKnownFileType = sourcecode.c.objc; path = MunicipiosDetails.m; sourceTree = "<group>"; };
		AE359EE51D264F7700D2BA20 /* queretaro.jpg */ = {isa = PBXFileReference; lastKnownFileType = image.jpeg; path = queretaro.jpg; sourceTree = "<group>"; };
		AE359EE71D2650A000D2BA20 /* pabellon_de_arteaga.jpg */ = {isa = PBXFileReference; lastKnownFileType = image.jpeg; path = pabellon_de_arteaga.jpg; sourceTree = "<group>"; };
		AE359EE91D26544900D2BA20 /* salamanca.jpg */ = {isa = PBXFileReference; lastKnownFileType = image.jpeg; path = salamanca.jpg; sourceTree = "<group>"; };
		AE359EEB1D26578700D2BA20 /* chapala.jpg */ = {isa = PBXFileReference; lastKnownFileType = image.jpeg; path = chapala.jpg; sourceTree = "<group>"; };
		AE359EEC1D26578700D2BA20 /* san_juan_de_los_lagos.jpg */ = {isa = PBXFileReference; lastKnownFileType = image.jpeg; path = san_juan_de_los_lagos.jpg; sourceTree = "<group>"; };
		AE359EED1D26578700D2BA20 /* tequila.jpg */ = {isa = PBXFileReference; lastKnownFileType = image.jpeg; path = tequila.jpg; sourceTree = "<group>"; };
		AE359EEE1D26578700D2BA20 /* tonala.jpg */ = {isa = PBXFileReference; lastKnownFileType = image.jpeg; path = tonala.jpg; sourceTree = "<group>"; };
		AE359EEF1D26578700D2BA20 /* villa_hidalgo.jpg */ = {isa = PBXFileReference; lastKnownFileType = image.jpeg; path = villa_hidalgo.jpg; sourceTree = "<group>"; };
		AE359EF51D26E93A00D2BA20 /* colon.jpg */ = {isa = PBXFileReference; lastKnownFileType = image.jpeg; path = colon.jpg; sourceTree = "<group>"; };
		AE359EF61D26E93A00D2BA20 /* corregidora.jpg */ = {isa = PBXFileReference; lastKnownFileType = image.jpeg; path = corregidora.jpg; sourceTree = "<group>"; };
		AE359EF71D26E93A00D2BA20 /* el_marques.jpg */ = {isa = PBXFileReference; lastKnownFileType = image.jpeg; path = el_marques.jpg; sourceTree = "<group>"; };
		AE359EF81D26E93A00D2BA20 /* queretaro_1.jpg */ = {isa = PBXFileReference; lastKnownFileType = image.jpeg; path = queretaro_1.jpg; sourceTree = "<group>"; };
		AE359EF91D26E93A00D2BA20 /* san_juan_del_rio.jpg */ = {isa = PBXFileReference; lastKnownFileType = image.jpeg; path = san_juan_del_rio.jpg; sourceTree = "<group>"; };
		AE359EFF1D26EBC300D2BA20 /* benito_juarez.jpg */ = {isa = PBXFileReference; lastKnownFileType = image.jpeg; path = benito_juarez.jpg; sourceTree = "<group>"; };
		AE359F001D26EBC300D2BA20 /* cozumel.jpg */ = {isa = PBXFileReference; lastKnownFileType = image.jpeg; path = cozumel.jpg; sourceTree = "<group>"; };
		AE359F011D26EBC300D2BA20 /* isla_mujeres.jpg */ = {isa = PBXFileReference; lastKnownFileType = image.jpeg; path = isla_mujeres.jpg; sourceTree = "<group>"; };
		AE359F021D26EBC300D2BA20 /* jose_maria_morelos.jpg */ = {isa = PBXFileReference; lastKnownFileType = image.jpeg; path = jose_maria_morelos.jpg; sourceTree = "<group>"; };
		AE359F031D26EBC300D2BA20 /* lazaro_cardenas.jpg */ = {isa = PBXFileReference; lastKnownFileType = image.jpeg; path = lazaro_cardenas.jpg; sourceTree = "<group>"; };
		AE376DDF1D258A4A00B4F957 /* Lab05 - Sketch.app */ = {isa = PBXFileReference; explicitFileType = wrapper.application; includeInIndex = 0; path = "Lab05 - Sketch.app"; sourceTree = BUILT_PRODUCTS_DIR; };
		AE376DE31D258A4A00B4F957 /* main.m */ = {isa = PBXFileReference; lastKnownFileType = sourcecode.c.objc; path = main.m; sourceTree = "<group>"; };
		AE376DE51D258A4A00B4F957 /* AppDelegate.h */ = {isa = PBXFileReference; lastKnownFileType = sourcecode.c.h; name = AppDelegate.h; path = "Lab05 - Sketch/AppDelegate.h"; sourceTree = "<group>"; };
		AE376DE61D258A4B00B4F957 /* AppDelegate.m */ = {isa = PBXFileReference; lastKnownFileType = sourcecode.c.objc; name = AppDelegate.m; path = "Lab05 - Sketch/AppDelegate.m"; sourceTree = "<group>"; };
		AE376DE81D258A4B00B4F957 /* Home.h */ = {isa = PBXFileReference; lastKnownFileType = sourcecode.c.h; name = Home.h; path = "Lab05 - Sketch/Home.h"; sourceTree = "<group>"; };
		AE376DE91D258A4B00B4F957 /* Home.m */ = {isa = PBXFileReference; lastKnownFileType = sourcecode.c.objc; name = Home.m; path = "Lab05 - Sketch/Home.m"; sourceTree = "<group>"; };
		AE376DEC1D258A4B00B4F957 /* Base */ = {isa = PBXFileReference; lastKnownFileType = file.storyboard; name = Base; path = Base.lproj/Main.storyboard; sourceTree = "<group>"; };
		AE376DEF1D258A4B00B4F957 /* Lab05___Sketch.xcdatamodel */ = {isa = PBXFileReference; lastKnownFileType = wrapper.xcdatamodel; path = "Lab05___Sketch.xcdatamodel"; sourceTree = "<group>"; };
		AE376DF11D258A4B00B4F957 /* Assets.xcassets */ = {isa = PBXFileReference; lastKnownFileType = folder.assetcatalog; path = Assets.xcassets; sourceTree = "<group>"; };
		AE376DF41D258A4B00B4F957 /* Base */ = {isa = PBXFileReference; lastKnownFileType = file.storyboard; name = Base; path = Base.lproj/LaunchScreen.storyboard; sourceTree = "<group>"; };
		AE376DF61D258A4B00B4F957 /* Info.plist */ = {isa = PBXFileReference; lastKnownFileType = text.plist.xml; path = Info.plist; sourceTree = "<group>"; };
/* End PBXFileReference section */

/* Begin PBXFrameworksBuildPhase section */
		AE376DDC1D258A4A00B4F957 /* Frameworks */ = {
			isa = PBXFrameworksBuildPhase;
			buildActionMask = 2147483647;
			files = (
			);
			runOnlyForDeploymentPostprocessing = 0;
		};
/* End PBXFrameworksBuildPhase section */

/* Begin PBXGroup section */
		AE359EB71D25F6D600D2BA20 /* Cells */ = {
			isa = PBXGroup;
			children = (
				AE359EB81D25F72200D2BA20 /* CellHome.h */,
				AE359EB91D25F72200D2BA20 /* CellHome.m */,
				AE359EBA1D25F72200D2BA20 /* CellHome.xib */,
				AE359EDD1D2623CA00D2BA20 /* MunicipiosCell.h */,
				AE359EDE1D2623CA00D2BA20 /* MunicipiosCell.m */,
				AE359EDF1D2623CA00D2BA20 /* MunicipiosCell.xib */,
			);
			name = Cells;
			sourceTree = "<group>";
		};
		AE359EBD1D261B8300D2BA20 /* imgs */ = {
			isa = PBXGroup;
			children = (
				AE359EFF1D26EBC300D2BA20 /* benito_juarez.jpg */,
				AE359F001D26EBC300D2BA20 /* cozumel.jpg */,
				AE359F011D26EBC300D2BA20 /* isla_mujeres.jpg */,
				AE359F021D26EBC300D2BA20 /* jose_maria_morelos.jpg */,
				AE359F031D26EBC300D2BA20 /* lazaro_cardenas.jpg */,
				AE359EF51D26E93A00D2BA20 /* colon.jpg */,
				AE359EF61D26E93A00D2BA20 /* corregidora.jpg */,
				AE359EF71D26E93A00D2BA20 /* el_marques.jpg */,
				AE359EF81D26E93A00D2BA20 /* queretaro_1.jpg */,
				AE359EF91D26E93A00D2BA20 /* san_juan_del_rio.jpg */,
				AE359EEB1D26578700D2BA20 /* chapala.jpg */,
				AE359EEC1D26578700D2BA20 /* san_juan_de_los_lagos.jpg */,
				AE359EED1D26578700D2BA20 /* tequila.jpg */,
				AE359EEE1D26578700D2BA20 /* tonala.jpg */,
				AE359EEF1D26578700D2BA20 /* villa_hidalgo.jpg */,
				AE359EE91D26544900D2BA20 /* salamanca.jpg */,
				AE359EE71D2650A000D2BA20 /* pabellon_de_arteaga.jpg */,
				AE359EE51D264F7700D2BA20 /* queretaro.jpg */,
				AE359EBE1D261B8300D2BA20 /* aguascalientes.jpg */,
				AE359EC01D261B8300D2BA20 /* calvillo.jpg */,
				AE359EC11D261B8300D2BA20 /* cosio.jpg */,
				AE359EC31D261B8300D2BA20 /* dolores_hidalgo.jpg */,
				AE359EC41D261B8300D2BA20 /* guanajuato.jpg */,
				AE359EC51D261B8300D2BA20 /* jalisco.jpg */,
				AE359EC61D261B8300D2BA20 /* jesus_maria.jpg */,
				AE359EC71D261B8300D2BA20 /* leon.jpg */,
				AE359EC81D261B8300D2BA20 /* pejamo.jpg */,
				AE359EC91D261B8300D2BA20 /* quintanaroo.jpg */,
				AE359ECA1D261B8300D2BA20 /* san_francisco_de_los_romo.jpg */,
				AE359ECB1D261B8300D2BA20 /* silao.jpg */,
			);
			path = imgs;
			sourceTree = "<group>";
		};
		AE376DD61D258A4A00B4F957 = {
			isa = PBXGroup;
			children = (
				AE376DE11D258A4A00B4F957 /* Lab05 - Sketch */,
				AE376DE01D258A4A00B4F957 /* Products */,
			);
			sourceTree = "<group>";
		};
		AE376DE01D258A4A00B4F957 /* Products */ = {
			isa = PBXGroup;
			children = (
				AE376DDF1D258A4A00B4F957 /* Lab05 - Sketch.app */,
			);
			name = Products;
			sourceTree = "<group>";
		};
		AE376DE11D258A4A00B4F957 /* Lab05 - Sketch */ = {
			isa = PBXGroup;
			children = (
				AE359EBD1D261B8300D2BA20 /* imgs */,
				AE359EB71D25F6D600D2BA20 /* Cells */,
				AE376DFC1D258A5700B4F957 /* Main */,
				AE376DFD1D258A6500B4F957 /* Controllers */,
				AE376DEB1D258A4B00B4F957 /* Main.storyboard */,
				AE376DF11D258A4B00B4F957 /* Assets.xcassets */,
				AE376DF31D258A4B00B4F957 /* LaunchScreen.storyboard */,
				AE376DF61D258A4B00B4F957 /* Info.plist */,
				AE376DEE1D258A4B00B4F957 /* Lab05___Sketch.xcdatamodeld */,
				AE376DE21D258A4A00B4F957 /* Supporting Files */,
			);
			path = "Lab05 - Sketch";
			sourceTree = "<group>";
		};
		AE376DE21D258A4A00B4F957 /* Supporting Files */ = {
			isa = PBXGroup;
			children = (
				AE376DE31D258A4A00B4F957 /* main.m */,
			);
			name = "Supporting Files";
			sourceTree = "<group>";
		};
		AE376DFC1D258A5700B4F957 /* Main */ = {
			isa = PBXGroup;
			children = (
				AE376DE51D258A4A00B4F957 /* AppDelegate.h */,
				AE376DE61D258A4B00B4F957 /* AppDelegate.m */,
			);
			name = Main;
			path = ..;
			sourceTree = "<group>";
		};
		AE376DFD1D258A6500B4F957 /* Controllers */ = {
			isa = PBXGroup;
			children = (
				AE376DE81D258A4B00B4F957 /* Home.h */,
				AE376DE91D258A4B00B4F957 /* Home.m */,
				AE359EDA1D26214000D2BA20 /* Municipios.h */,
				AE359EDB1D26214000D2BA20 /* Municipios.m */,
				AE359EE21D263A1800D2BA20 /* MunicipiosDetails.h */,
				AE359EE31D263A1800D2BA20 /* MunicipiosDetails.m */,
			);
			name = Controllers;
			path = ..;
			sourceTree = "<group>";
		};
/* End PBXGroup section */

/* Begin PBXNativeTarget section */
		AE376DDE1D258A4A00B4F957 /* Lab05 - Sketch */ = {
			isa = PBXNativeTarget;
			buildConfigurationList = AE376DF91D258A4B00B4F957 /* Build configuration list for PBXNativeTarget "Lab05 - Sketch" */;
			buildPhases = (
				AE376DDB1D258A4A00B4F957 /* Sources */,
				AE376DDC1D258A4A00B4F957 /* Frameworks */,
				AE376DDD1D258A4A00B4F957 /* Resources */,
			);
			buildRules = (
			);
			dependencies = (
			);
			name = "Lab05 - Sketch";
			productName = "Lab05 - Sketch";
			productReference = AE376DDF1D258A4A00B4F957 /* Lab05 - Sketch.app */;
			productType = "com.apple.product-type.application";
		};
/* End PBXNativeTarget section */

/* Begin PBXProject section */
		AE376DD71D258A4A00B4F957 /* Project object */ = {
			isa = PBXProject;
			attributes = {
				LastUpgradeCheck = 0710;
				ORGANIZATIONNAME = Haydee;
				TargetAttributes = {
					AE376DDE1D258A4A00B4F957 = {
						CreatedOnToolsVersion = 7.1.1;
					};
				};
			};
			buildConfigurationList = AE376DDA1D258A4A00B4F957 /* Build configuration list for PBXProject "Lab05 - Sketch" */;
			compatibilityVersion = "Xcode 3.2";
			developmentRegion = English;
			hasScannedForEncodings = 0;
			knownRegions = (
				en,
				Base,
			);
			mainGroup = AE376DD61D258A4A00B4F957;
			productRefGroup = AE376DE01D258A4A00B4F957 /* Products */;
			projectDirPath = "";
			projectRoot = "";
			targets = (
				AE376DDE1D258A4A00B4F957 /* Lab05 - Sketch */,
			);
		};
/* End PBXProject section */

/* Begin PBXResourcesBuildPhase section */
		AE376DDD1D258A4A00B4F957 /* Resources */ = {
			isa = PBXResourcesBuildPhase;
			buildActionMask = 2147483647;
			files = (
				AE359EF01D26578700D2BA20 /* chapala.jpg in Resources */,
				AE359ED61D261B8300D2BA20 /* pejamo.jpg in Resources */,
				AE359F041D26EBC300D2BA20 /* benito_juarez.jpg in Resources */,
				AE359ECE1D261B8300D2BA20 /* calvillo.jpg in Resources */,
				AE359EF11D26578700D2BA20 /* san_juan_de_los_lagos.jpg in Resources */,
				AE376DF51D258A4B00B4F957 /* LaunchScreen.storyboard in Resources */,
				AE359ED81D261B8300D2BA20 /* san_francisco_de_los_romo.jpg in Resources */,
				AE376DF21D258A4B00B4F957 /* Assets.xcassets in Resources */,
				AE359EFC1D26E93A00D2BA20 /* el_marques.jpg in Resources */,
				AE359EEA1D26544900D2BA20 /* salamanca.jpg in Resources */,
				AE359EF31D26578700D2BA20 /* tonala.jpg in Resources */,
				AE359ED11D261B8300D2BA20 /* dolores_hidalgo.jpg in Resources */,
				AE359ED41D261B8300D2BA20 /* jesus_maria.jpg in Resources */,
				AE359F081D26EBC300D2BA20 /* lazaro_cardenas.jpg in Resources */,
				AE359ED51D261B8300D2BA20 /* leon.jpg in Resources */,
				AE359ED91D261B8300D2BA20 /* silao.jpg in Resources */,
				AE359EBC1D25F72200D2BA20 /* CellHome.xib in Resources */,
				AE359EFE1D26E93A00D2BA20 /* san_juan_del_rio.jpg in Resources */,
				AE359EFB1D26E93A00D2BA20 /* corregidora.jpg in Resources */,
				AE359ED31D261B8300D2BA20 /* jalisco.jpg in Resources */,
				AE359F061D26EBC300D2BA20 /* isla_mujeres.jpg in Resources */,
				AE359EFA1D26E93A00D2BA20 /* colon.jpg in Resources */,
				AE359ECF1D261B8300D2BA20 /* cosio.jpg in Resources */,
				AE359EE81D2650A000D2BA20 /* pabellon_de_arteaga.jpg in Resources */,
				AE359EE11D2623CA00D2BA20 /* MunicipiosCell.xib in Resources */,
				AE359EF41D26578700D2BA20 /* villa_hidalgo.jpg in Resources */,
				AE376DED1D258A4B00B4F957 /* Main.storyboard in Resources */,
				AE359F051D26EBC300D2BA20 /* cozumel.jpg in Resources */,
				AE359F071D26EBC300D2BA20 /* jose_maria_morelos.jpg in Resources */,
				AE359EE61D264F7700D2BA20 /* queretaro.jpg in Resources */,
				AE359ED21D261B8300D2BA20 /* guanajuato.jpg in Resources */,
				AE359EFD1D26E93A00D2BA20 /* queretaro_1.jpg in Resources */,
				AE359EF21D26578700D2BA20 /* tequila.jpg in Resources */,
				AE359ECC1D261B8300D2BA20 /* aguascalientes.jpg in Resources */,
				AE359ED71D261B8300D2BA20 /* quintanaroo.jpg in Resources */,
			);
			runOnlyForDeploymentPostprocessing = 0;
		};
/* End PBXResourcesBuildPhase section */

/* Begin PBXSourcesBuildPhase section */
		AE376DDB1D258A4A00B4F957 /* Sources */ = {
			isa = PBXSourcesBuildPhase;
			buildActionMask = 2147483647;
			files = (
				AE376DEA1D258A4B00B4F957 /* Home.m in Sources */,
				AE376DE71D258A4B00B4F957 /* AppDelegate.m in Sources */,
				AE359EBB1D25F72200D2BA20 /* CellHome.m in Sources */,
				AE359EE01D2623CA00D2BA20 /* MunicipiosCell.m in Sources */,
				AE359EE41D263A1800D2BA20 /* MunicipiosDetails.m in Sources */,
				AE359EDC1D26214000D2BA20 /* Municipios.m in Sources */,
				AE376DF01D258A4B00B4F957 /* Lab05___Sketch.xcdatamodeld in Sources */,
				AE376DE41D258A4A00B4F957 /* main.m in Sources */,
			);
			runOnlyForDeploymentPostprocessing = 0;
		};
/* End PBXSourcesBuildPhase section */

/* Begin PBXVariantGroup section */
		AE376DEB1D258A4B00B4F957 /* Main.storyboard */ = {
			isa = PBXVariantGroup;
			children = (
				AE376DEC1D258A4B00B4F957 /* Base */,
			);
			name = Main.storyboard;
			sourceTree = "<group>";
		};
		AE376DF31D258A4B00B4F957 /* LaunchScreen.storyboard */ = {
			isa = PBXVariantGroup;
			children = (
				AE376DF41D258A4B00B4F957 /* Base */,
			);
			name = LaunchScreen.storyboard;
			sourceTree = "<group>";
		};
/* End PBXVariantGroup section */

/* Begin XCBuildConfiguration section */
		AE376DF71D258A4B00B4F957 /* Debug */ = {
			isa = XCBuildConfiguration;
			buildSettings = {
				ALWAYS_SEARCH_USER_PATHS = NO;
				CLANG_CXX_LANGUAGE_STANDARD = "gnu++0x";
				CLANG_CXX_LIBRARY = "libc++";
				CLANG_ENABLE_MODULES = YES;
				CLANG_ENABLE_OBJC_ARC = YES;
				CLANG_WARN_BOOL_CONVERSION = YES;
				CLANG_WARN_CONSTANT_CONVERSION = YES;
				CLANG_WARN_DIRECT_OBJC_ISA_USAGE = YES_ERROR;
				CLANG_WARN_EMPTY_BODY = YES;
				CLANG_WARN_ENUM_CONVERSION = YES;
				CLANG_WARN_INT_CONVERSION = YES;
				CLANG_WARN_OBJC_ROOT_CLASS = YES_ERROR;
				CLANG_WARN_UNREACHABLE_CODE = YES;
				CLANG_WARN__DUPLICATE_METHOD_MATCH = YES;
				"CODE_SIGN_IDENTITY[sdk=iphoneos*]" = "iPhone Developer";
				COPY_PHASE_STRIP = NO;
				DEBUG_INFORMATION_FORMAT = dwarf;
				ENABLE_STRICT_OBJC_MSGSEND = YES;
				ENABLE_TESTABILITY = YES;
				GCC_C_LANGUAGE_STANDARD = gnu99;
				GCC_DYNAMIC_NO_PIC = NO;
				GCC_NO_COMMON_BLOCKS = YES;
				GCC_OPTIMIZATION_LEVEL = 0;
				GCC_PREPROCESSOR_DEFINITIONS = (
					"DEBUG=1",
					"$(inherited)",
				);
				GCC_WARN_64_TO_32_BIT_CONVERSION = YES;
				GCC_WARN_ABOUT_RETURN_TYPE = YES_ERROR;
				GCC_WARN_UNDECLARED_SELECTOR = YES;
				GCC_WARN_UNINITIALIZED_AUTOS = YES_AGGRESSIVE;
				GCC_WARN_UNUSED_FUNCTION = YES;
				GCC_WARN_UNUSED_VARIABLE = YES;
				IPHONEOS_DEPLOYMENT_TARGET = 9.1;
				MTL_ENABLE_DEBUG_INFO = YES;
				ONLY_ACTIVE_ARCH = YES;
				SDKROOT = iphoneos;
			};
			name = Debug;
		};
		AE376DF81D258A4B00B4F957 /* Release */ = {
			isa = XCBuildConfiguration;
			buildSettings = {
				ALWAYS_SEARCH_USER_PATHS = NO;
				CLANG_CXX_LANGUAGE_STANDARD = "gnu++0x";
				CLANG_CXX_LIBRARY = "libc++";
				CLANG_ENABLE_MODULES = YES;
				CLANG_ENABLE_OBJC_ARC = YES;
				CLANG_WARN_BOOL_CONVERSION = YES;
				CLANG_WARN_CONSTANT_CONVERSION = YES;
				CLANG_WARN_DIRECT_OBJC_ISA_USAGE = YES_ERROR;
				CLANG_WARN_EMPTY_BODY = YES;
				CLANG_WARN_ENUM_CONVERSION = YES;
				CLANG_WARN_INT_CONVERSION = YES;
				CLANG_WARN_OBJC_ROOT_CLASS = YES_ERROR;
				CLANG_WARN_UNREACHABLE_CODE = YES;
				CLANG_WARN__DUPLICATE_METHOD_MATCH = YES;
				"CODE_SIGN_IDENTITY[sdk=iphoneos*]" = "iPhone Developer";
				COPY_PHASE_STRIP = NO;
				DEBUG_INFORMATION_FORMAT = "dwarf-with-dsym";
				ENABLE_NS_ASSERTIONS = NO;
				ENABLE_STRICT_OBJC_MSGSEND = YES;
				GCC_C_LANGUAGE_STANDARD = gnu99;
				GCC_NO_COMMON_BLOCKS = YES;
				GCC_WARN_64_TO_32_BIT_CONVERSION = YES;
				GCC_WARN_ABOUT_RETURN_TYPE = YES_ERROR;
				GCC_WARN_UNDECLARED_SELECTOR = YES;
				GCC_WARN_UNINITIALIZED_AUTOS = YES_AGGRESSIVE;
				GCC_WARN_UNUSED_FUNCTION = YES;
				GCC_WARN_UNUSED_VARIABLE = YES;
				IPHONEOS_DEPLOYMENT_TARGET = 9.1;
				MTL_ENABLE_DEBUG_INFO = NO;
				SDKROOT = iphoneos;
				VALIDATE_PRODUCT = YES;
			};
			name = Release;
		};
		AE376DFA1D258A4B00B4F957 /* Debug */ = {
			isa = XCBuildConfiguration;
			buildSettings = {
				ASSETCATALOG_COMPILER_APPICON_NAME = AppIcon;
				INFOPLIST_FILE = "Lab05 - Sketch/Info.plist";
				LD_RUNPATH_SEARCH_PATHS = "$(inherited) @executable_path/Frameworks";
				PRODUCT_BUNDLE_IDENTIFIER = "com.haydee.Lab05---Sketch";
				PRODUCT_NAME = "$(TARGET_NAME)";
			};
			name = Debug;
		};
		AE376DFB1D258A4B00B4F957 /* Release */ = {
			isa = XCBuildConfiguration;
			buildSettings = {
				ASSETCATALOG_COMPILER_APPICON_NAME = AppIcon;
				INFOPLIST_FILE = "Lab05 - Sketch/Info.plist";
				LD_RUNPATH_SEARCH_PATHS = "$(inherited) @executable_path/Frameworks";
				PRODUCT_BUNDLE_IDENTIFIER = "com.haydee.Lab05---Sketch";
				PRODUCT_NAME = "$(TARGET_NAME)";
			};
			name = Release;
		};
/* End XCBuildConfiguration section */

/* Begin XCConfigurationList section */
		AE376DDA1D258A4A00B4F957 /* Build configuration list for PBXProject "Lab05 - Sketch" */ = {
			isa = XCConfigurationList;
			buildConfigurations = (
				AE376DF71D258A4B00B4F957 /* Debug */,
				AE376DF81D258A4B00B4F957 /* Release */,
			);
			defaultConfigurationIsVisible = 0;
			defaultConfigurationName = Release;
		};
		AE376DF91D258A4B00B4F957 /* Build configuration list for PBXNativeTarget "Lab05 - Sketch" */ = {
			isa = XCConfigurationList;
			buildConfigurations = (
				AE376DFA1D258A4B00B4F957 /* Debug */,
				AE376DFB1D258A4B00B4F957 /* Release */,
			);
			defaultConfigurationIsVisible = 0;
			defaultConfigurationName = Release;
		};
/* End XCConfigurationList section */

/* Begin XCVersionGroup section */
		AE376DEE1D258A4B00B4F957 /* Lab05___Sketch.xcdatamodeld */ = {
			isa = XCVersionGroup;
			children = (
				AE376DEF1D258A4B00B4F957 /* Lab05___Sketch.xcdatamodel */,
			);
			currentVersion = AE376DEF1D258A4B00B4F957 /* Lab05___Sketch.xcdatamodel */;
			path = "Lab05___Sketch.xcdatamodeld";
			sourceTree = "<group>";
			versionGroupType = wrapper.xcdatamodel;
		};
/* End XCVersionGroup section */
	};
	rootObject = AE376DD71D258A4A00B4F957 /* Project object */;
}
